
Microsoft Visual Studio Solution File, Format Version 12.00
# Visual Studio 15
VisualStudioVersion = 15.0.28010.2048
MinimumVisualStudioVersion = 10.0.40219.1
Project("{FAE04EC0-301F-11D3-BF4B-00C04F79EFBC}") = "Ex35-ObserverPattern", "Ex35-ObserverPattern\Ex35-ObserverPattern.csproj", "{F750AECA-B118-4EF9-8251-E7923FE28DB8}"
EndProject
Project("{FAE04EC0-301F-11D3-BF4B-00C04F79EFBC}") = "UnitTestProject1", "UnitTestProject1\UnitTestProject1.csproj", "{00F4072B-50F7-46CF-BA77-7E3E5621D162}"
EndProject
Global
	GlobalSection(SolutionConfigurationPlatforms) = preSolution
		Debug|Any CPU = Debug|Any CPU
		Release|Any CPU = Release|Any CPU
	EndGlobalSection
	GlobalSection(ProjectConfigurationPlatforms) = postSolution
		{F750AECA-B118-4EF9-8251-E7923FE28DB8}.Debug|Any CPU.ActiveCfg = Debug|Any CPU
		{F750AECA-B118-4EF9-8251-E7923FE28DB8}.Debug|Any CPU.Build.0 = Debug|Any CPU
		{F750AECA-B118-4EF9-8251-E7923FE28DB8}.Release|Any CPU.ActiveCfg = Release|Any CPU
		{F750AECA-B118-4EF9-8251-E7923FE28DB8}.Release|Any CPU.Build.0 = Release|Any CPU
		{00F4072B-50F7-46CF-BA77-7E3E5621D162}.Debug|Any CPU.ActiveCfg = Debug|Any CPU
		{00F4072B-50F7-46CF-BA77-7E3E5621D162}.Debug|Any CPU.Build.0 = Debug|Any CPU
		{00F4072B-50F7-46CF-BA77-7E3E5621D162}.Release|Any CPU.ActiveCfg = Release|Any CPU
		{00F4072B-50F7-46CF-BA77-7E3E5621D162}.Release|Any CPU.Build.0 = Release|Any CPU
	EndGlobalSection
	GlobalSection(SolutionProperties) = preSolution
		HideSolutionNode = FALSE
	EndGlobalSection
	GlobalSection(ExtensibilityGlobals) = postSolution
		SolutionGuid = {883C9071-08DD-48F8-985E-1D32A5FA0086}
	EndGlobalSection
EndGlobal
